
Microsoft Visual Studio Solution File, Format Version 12.00
# Visual Studio Version 17
VisualStudioVersion = 17.4.33122.133
MinimumVisualStudioVersion = 10.0.40219.1
Project("{FAE04EC0-301F-11D3-BF4B-00C04F79EFBC}") = "PracticeProblems_4B", "PracticeProblems_4B\PracticeProblems_4B.csproj", "{D16AC992-FEFB-404F-85AD-F526D392CD2E}"
EndProject
Global
	GlobalSection(SolutionConfigurationPlatforms) = preSolution
		Debug|Any CPU = Debug|Any CPU
		Release|Any CPU = Release|Any CPU
	EndGlobalSection
	GlobalSection(ProjectConfigurationPlatforms) = postSolution
		{D16AC992-FEFB-404F-85AD-F526D392CD2E}.Debug|Any CPU.ActiveCfg = Debug|Any CPU
		{D16AC992-FEFB-404F-85AD-F526D392CD2E}.Debug|Any CPU.Build.0 = Debug|Any CPU
		{D16AC992-FEFB-404F-85AD-F526D392CD2E}.Release|Any CPU.ActiveCfg = Release|Any CPU
		{D16AC992-FEFB-404F-85AD-F526D392CD2E}.Release|Any CPU.Build.0 = Release|Any CPU
	EndGlobalSection
	GlobalSection(SolutionProperties) = preSolution
		HideSolutionNode = FALSE
	EndGlobalSection
	GlobalSection(ExtensibilityGlobals) = postSolution
		SolutionGuid = {AF55627D-1C05-4973-950E-E35D52675E73}
	EndGlobalSection
EndGlobal
